// !$*UTF8*$!
{
	archiveVersion = 1;
	classes = {
	};
	objectVersion = 46;
	objects = {

/* Begin PBXBuildFile section */
		B6E551951B896F0000D54445 /* main.m in Sources */ = {isa = PBXBuildFile; fileRef = B6E551941B896F0000D54445 /* main.m */; };
		B6E551981B896F0000D54445 /* AppDelegate.m in Sources */ = {isa = PBXBuildFile; fileRef = B6E551971B896F0000D54445 /* AppDelegate.m */; };
		B6E5519B1B896F0000D54445 /* ViewController.m in Sources */ = {isa = PBXBuildFile; fileRef = B6E5519A1B896F0000D54445 /* ViewController.m */; };
		B6E5519E1B896F0000D54445 /* Main.storyboard in Resources */ = {isa = PBXBuildFile; fileRef = B6E5519C1B896F0000D54445 /* Main.storyboard */; };
		B6E551A01B896F0000D54445 /* Images.xcassets in Resources */ = {isa = PBXBuildFile; fileRef = B6E5519F1B896F0000D54445 /* Images.xcassets */; };
		B6E551A31B896F0000D54445 /* LaunchScreen.xib in Resources */ = {isa = PBXBuildFile; fileRef = B6E551A11B896F0000D54445 /* LaunchScreen.xib */; };
		B6E551AF1B896F0000D54445 /* CollectionViewPicTests.m in Sources */ = {isa = PBXBuildFile; fileRef = B6E551AE1B896F0000D54445 /* CollectionViewPicTests.m */; };
		B6E551BB1B89864F00D54445 /* imageCollectionCell.m in Sources */ = {isa = PBXBuildFile; fileRef = B6E551B91B89864F00D54445 /* imageCollectionCell.m */; };
		B6E551BC1B89864F00D54445 /* imageCollectionCell.xib in Resources */ = {isa = PBXBuildFile; fileRef = B6E551BA1B89864F00D54445 /* imageCollectionCell.xib */; };
		B6E551BF1B898EFE00D54445 /* lineLayout.m in Sources */ = {isa = PBXBuildFile; fileRef = B6E551BE1B898EFE00D54445 /* lineLayout.m */; };
/* End PBXBuildFile section */

/* Begin PBXContainerItemProxy section */
		B6E551A91B896F0000D54445 /* PBXContainerItemProxy */ = {
			isa = PBXContainerItemProxy;
			containerPortal = B6E551871B896F0000D54445 /* Project object */;
			proxyType = 1;
			remoteGlobalIDString = B6E5518E1B896F0000D54445;
			remoteInfo = CollectionViewPic;
		};
/* End PBXContainerItemProxy section */

/* Begin PBXFileReference section */
		B6E5518F1B896F0000D54445 /* CollectionViewPic.app */ = {isa = PBXFileReference; explicitFileType = wrapper.application; includeInIndex = 0; path = CollectionViewPic.app; sourceTree = BUILT_PRODUCTS_DIR; };
		B6E551931B896F0000D54445 /* Info.plist */ = {isa = PBXFileReference; lastKnownFileType = text.plist.xml; path = Info.plist; sourceTree = "<group>"; };
		B6E551941B896F0000D54445 /* main.m */ = {isa = PBXFileReference; lastKnownFileType = sourcecode.c.objc; path = main.m; sourceTree = "<group>"; };
		B6E551961B896F0000D54445 /* AppDelegate.h */ = {isa = PBXFileReference; lastKnownFileType = sourcecode.c.h; path = AppDelegate.h; sourceTree = "<group>"; };
		B6E551971B896F0000D54445 /* AppDelegate.m */ = {isa = PBXFileReference; lastKnownFileType = sourcecode.c.objc; path = AppDelegate.m; sourceTree = "<group>"; };
		B6E551991B896F0000D54445 /* ViewController.h */ = {isa = PBXFileReference; lastKnownFileType = sourcecode.c.h; path = ViewController.h; sourceTree = "<group>"; };
		B6E5519A1B896F0000D54445 /* ViewController.m */ = {isa = PBXFileReference; lastKnownFileType = sourcecode.c.objc; path = ViewController.m; sourceTree = "<group>"; };
		B6E5519D1B896F0000D54445 /* Base */ = {isa = PBXFileReference; lastKnownFileType = file.storyboard; name = Base; path = Base.lproj/Main.storyboard; sourceTree = "<group>"; };
		B6E5519F1B896F0000D54445 /* Images.xcassets */ = {isa = PBXFileReference; lastKnownFileType = folder.assetcatalog; path = Images.xcassets; sourceTree = "<group>"; };
		B6E551A21B896F0000D54445 /* Base */ = {isa = PBXFileReference; lastKnownFileType = file.xib; name = Base; path = Base.lproj/LaunchScreen.xib; sourceTree = "<group>"; };
		B6E551A81B896F0000D54445 /* CollectionViewPicTests.xctest */ = {isa = PBXFileReference; explicitFileType = wrapper.cfbundle; includeInIndex = 0; path = CollectionViewPicTests.xctest; sourceTree = BUILT_PRODUCTS_DIR; };
		B6E551AD1B896F0000D54445 /* Info.plist */ = {isa = PBXFileReference; lastKnownFileType = text.plist.xml; path = Info.plist; sourceTree = "<group>"; };
		B6E551AE1B896F0000D54445 /* CollectionViewPicTests.m */ = {isa = PBXFileReference; lastKnownFileType = sourcecode.c.objc; path = CollectionViewPicTests.m; sourceTree = "<group>"; };
		B6E551B81B89864F00D54445 /* imageCollectionCell.h */ = {isa = PBXFileReference; fileEncoding = 4; lastKnownFileType = sourcecode.c.h; path = imageCollectionCell.h; sourceTree = "<group>"; };
		B6E551B91B89864F00D54445 /* imageCollectionCell.m */ = {isa = PBXFileReference; fileEncoding = 4; lastKnownFileType = sourcecode.c.objc; path = imageCollectionCell.m; sourceTree = "<group>"; };
		B6E551BA1B89864F00D54445 /* imageCollectionCell.xib */ = {isa = PBXFileReference; fileEncoding = 4; lastKnownFileType = file.xib; path = imageCollectionCell.xib; sourceTree = "<group>"; };
		B6E551BD1B898EFE00D54445 /* lineLayout.h */ = {isa = PBXFileReference; fileEncoding = 4; lastKnownFileType = sourcecode.c.h; path = lineLayout.h; sourceTree = "<group>"; };
		B6E551BE1B898EFE00D54445 /* lineLayout.m */ = {isa = PBXFileReference; fileEncoding = 4; lastKnownFileType = sourcecode.c.objc; path = lineLayout.m; sourceTree = "<group>"; };
/* End PBXFileReference section */

/* Begin PBXFrameworksBuildPhase section */
		B6E5518C1B896F0000D54445 /* Frameworks */ = {
			isa = PBXFrameworksBuildPhase;
			buildActionMask = 2147483647;
			files = (
			);
			runOnlyForDeploymentPostprocessing = 0;
		};
		B6E551A51B896F0000D54445 /* Frameworks */ = {
			isa = PBXFrameworksBuildPhase;
			buildActionMask = 2147483647;
			files = (
			);
			runOnlyForDeploymentPostprocessing = 0;
		};
/* End PBXFrameworksBuildPhase section */

/* Begin PBXGroup section */
		B6E551861B896F0000D54445 = {
			isa = PBXGroup;
			children = (
				B6E551911B896F0000D54445 /* CollectionViewPic */,
				B6E551AB1B896F0000D54445 /* CollectionViewPicTests */,
				B6E551901B896F0000D54445 /* Products */,
			);
			sourceTree = "<group>";
		};
		B6E551901B896F0000D54445 /* Products */ = {
			isa = PBXGroup;
			children = (
				B6E5518F1B896F0000D54445 /* CollectionViewPic.app */,
				B6E551A81B896F0000D54445 /* CollectionViewPicTests.xctest */,
			);
			name = Products;
			sourceTree = "<group>";
		};
		B6E551911B896F0000D54445 /* CollectionViewPic */ = {
			isa = PBXGroup;
			children = (
				B6E551961B896F0000D54445 /* AppDelegate.h */,
				B6E551B81B89864F00D54445 /* imageCollectionCell.h */,
				B6E551B91B89864F00D54445 /* imageCollectionCell.m */,
				B6E551BA1B89864F00D54445 /* imageCollectionCell.xib */,
				B6E551971B896F0000D54445 /* AppDelegate.m */,
				B6E551991B896F0000D54445 /* ViewController.h */,
				B6E5519A1B896F0000D54445 /* ViewController.m */,
				B6E5519C1B896F0000D54445 /* Main.storyboard */,
				B6E5519F1B896F0000D54445 /* Images.xcassets */,
				B6E551A11B896F0000D54445 /* LaunchScreen.xib */,
				B6E551921B896F0000D54445 /* Supporting Files */,
				B6E551BD1B898EFE00D54445 /* lineLayout.h */,
				B6E551BE1B898EFE00D54445 /* lineLayout.m */,
			);
			path = CollectionViewPic;
			sourceTree = "<group>";
		};
		B6E551921B896F0000D54445 /* Supporting Files */ = {
			isa = PBXGroup;
			children = (
				B6E551931B896F0000D54445 /* Info.plist */,
				B6E551941B896F0000D54445 /* main.m */,
			);
			name = "Supporting Files";
			sourceTree = "<group>";
		};
		B6E551AB1B896F0000D54445 /* CollectionViewPicTests */ = {
			isa = PBXGroup;
			children = (
				B6E551AE1B896F0000D54445 /* CollectionViewPicTests.m */,
				B6E551AC1B896F0000D54445 /* Supporting Files */,
			);
			path = CollectionViewPicTests;
			sourceTree = "<group>";
		};
		B6E551AC1B896F0000D54445 /* Supporting Files */ = {
			isa = PBXGroup;
			children = (
				B6E551AD1B896F0000D54445 /* Info.plist */,
			);
			name = "Supporting Files";
			sourceTree = "<group>";
		};
/* End PBXGroup section */

/* Begin PBXNativeTarget section */
		B6E5518E1B896F0000D54445 /* CollectionViewPic */ = {
			isa = PBXNativeTarget;
			buildConfigurationList = B6E551B21B896F0000D54445 /* Build configuration list for PBXNativeTarget "CollectionViewPic" */;
			buildPhases = (
				B6E5518B1B896F0000D54445 /* Sources */,
				B6E5518C1B896F0000D54445 /* Frameworks */,
				B6E5518D1B896F0000D54445 /* Resources */,
			);
			buildRules = (
			);
			dependencies = (
			);
			name = CollectionViewPic;
			productName = CollectionViewPic;
			productReference = B6E5518F1B896F0000D54445 /* CollectionViewPic.app */;
			productType = "com.apple.product-type.application";
		};
		B6E551A71B896F0000D54445 /* CollectionViewPicTests */ = {
			isa = PBXNativeTarget;
			buildConfigurationList = B6E551B51B896F0000D54445 /* Build configuration list for PBXNativeTarget "CollectionViewPicTests" */;
			buildPhases = (
				B6E551A41B896F0000D54445 /* Sources */,
				B6E551A51B896F0000D54445 /* Frameworks */,
				B6E551A61B896F0000D54445 /* Resources */,
			);
			buildRules = (
			);
			dependencies = (
				B6E551AA1B896F0000D54445 /* PBXTargetDependency */,
			);
			name = CollectionViewPicTests;
			productName = CollectionViewPicTests;
			productReference = B6E551A81B896F0000D54445 /* CollectionViewPicTests.xctest */;
			productType = "com.apple.product-type.bundle.unit-test";
		};
/* End PBXNativeTarget section */

/* Begin PBXProject section */
		B6E551871B896F0000D54445 /* Project object */ = {
			isa = PBXProject;
			attributes = {
				LastUpgradeCheck = 0640;
				ORGANIZATIONNAME = WEI;
				TargetAttributes = {
					B6E5518E1B896F0000D54445 = {
						CreatedOnToolsVersion = 6.4;
					};
					B6E551A71B896F0000D54445 = {
						CreatedOnToolsVersion = 6.4;
						TestTargetID = B6E5518E1B896F0000D54445;
					};
				};
			};
			buildConfigurationList = B6E5518A1B896F0000D54445 /* Build configuration list for PBXProject "CollectionViewPic" */;
			compatibilityVersion = "Xcode 3.2";
			developmentRegion = English;
			hasScannedForEncodings = 0;
			knownRegions = (
				en,
				Base,
			);
			mainGroup = B6E551861B896F0000D54445;
			productRefGroup = B6E551901B896F0000D54445 /* Products */;
			projectDirPath = "";
			projectRoot = "";
			targets = (
				B6E5518E1B896F0000D54445 /* CollectionViewPic */,
				B6E551A71B896F0000D54445 /* CollectionViewPicTests */,
			);
		};
/* End PBXProject section */

/* Begin PBXResourcesBuildPhase section */
		B6E5518D1B896F0000D54445 /* Resources */ = {
			isa = PBXResourcesBuildPhase;
			buildActionMask = 2147483647;
			files = (
				B6E5519E1B896F0000D54445 /* Main.storyboard in Resources */,
				B6E551A31B896F0000D54445 /* LaunchScreen.xib in Resources */,
				B6E551A01B896F0000D54445 /* Images.xcassets in Resources */,
				B6E551BC1B89864F00D54445 /* imageCollectionCell.xib in Resources */,
			);
			runOnlyForDeploymentPostprocessing = 0;
		};
		B6E551A61B896F0000D54445 /* Resources */ = {
			isa = PBXResourcesBuildPhase;
			buildActionMask = 2147483647;
			files = (
			);
			runOnlyForDeploymentPostprocessing = 0;
		};
/* End PBXResourcesBuildPhase section */

/* Begin PBXSourcesBuildPhase section */
		B6E5518B1B896F0000D54445 /* Sources */ = {
			isa = PBXSourcesBuildPhase;
			buildActionMask = 2147483647;
			files = (
				B6E5519B1B896F0000D54445 /* ViewController.m in Sources */,
				B6E551981B896F0000D54445 /* AppDelegate.m in Sources */,
				B6E551951B896F0000D54445 /* main.m in Sources */,
				B6E551BF1B898EFE00D54445 /* lineLayout.m in Sources */,
				B6E551BB1B89864F00D54445 /* imageCollectionCell.m in Sources */,
			);
			runOnlyForDeploymentPostprocessing = 0;
		};
		B6E551A41B896F0000D54445 /* Sources */ = {
			isa = PBXSourcesBuildPhase;
			buildActionMask = 2147483647;
			files = (
				B6E551AF1B896F0000D54445 /* CollectionViewPicTests.m in Sources */,
			);
			runOnlyForDeploymentPostprocessing = 0;
		};
/* End PBXSourcesBuildPhase section */

/* Begin PBXTargetDependency section */
		B6E551AA1B896F0000D54445 /* PBXTargetDependency */ = {
			isa = PBXTargetDependency;
			target = B6E5518E1B896F0000D54445 /* CollectionViewPic */;
			targetProxy = B6E551A91B896F0000D54445 /* PBXContainerItemProxy */;
		};
/* End PBXTargetDependency section */

/* Begin PBXVariantGroup section */
		B6E5519C1B896F0000D54445 /* Main.storyboard */ = {
			isa = PBXVariantGroup;
			children = (
				B6E5519D1B896F0000D54445 /* Base */,
			);
			name = Main.storyboard;
			sourceTree = "<group>";
		};
		B6E551A11B896F0000D54445 /* LaunchScreen.xib */ = {
			isa = PBXVariantGroup;
			children = (
				B6E551A21B896F0000D54445 /* Base */,
			);
			name = LaunchScreen.xib;
			sourceTree = "<group>";
		};
/* End PBXVariantGroup section */

/* Begin XCBuildConfiguration section */
		B6E551B01B896F0000D54445 /* Debug */ = {
			isa = XCBuildConfiguration;
			buildSettings = {
				ALWAYS_SEARCH_USER_PATHS = NO;
				CLANG_CXX_LANGUAGE_STANDARD = "gnu++0x";
				CLANG_CXX_LIBRARY = "libc++";
				CLANG_ENABLE_MODULES = YES;
				CLANG_ENABLE_OBJC_ARC = YES;
				CLANG_WARN_BOOL_CONVERSION = YES;
				CLANG_WARN_CONSTANT_CONVERSION = YES;
				CLANG_WARN_DIRECT_OBJC_ISA_USAGE = YES_ERROR;
				CLANG_WARN_EMPTY_BODY = YES;
				CLANG_WARN_ENUM_CONVERSION = YES;
				CLANG_WARN_INT_CONVERSION = YES;
				CLANG_WARN_OBJC_ROOT_CLASS = YES_ERROR;
				CLANG_WARN_UNREACHABLE_CODE = YES;
				CLANG_WARN__DUPLICATE_METHOD_MATCH = YES;
				"CODE_SIGN_IDENTITY[sdk=iphoneos*]" = "iPhone Developer";
				COPY_PHASE_STRIP = NO;
				DEBUG_INFORMATION_FORMAT = "dwarf-with-dsym";
				ENABLE_STRICT_OBJC_MSGSEND = YES;
				GCC_C_LANGUAGE_STANDARD = gnu99;
				GCC_DYNAMIC_NO_PIC = NO;
				GCC_NO_COMMON_BLOCKS = YES;
				GCC_OPTIMIZATION_LEVEL = 0;
				GCC_PREPROCESSOR_DEFINITIONS = (
					"DEBUG=1",
					"$(inherited)",
				);
				GCC_SYMBOLS_PRIVATE_EXTERN = NO;
				GCC_WARN_64_TO_32_BIT_CONVERSION = YES;
				GCC_WARN_ABOUT_RETURN_TYPE = YES_ERROR;
				GCC_WARN_UNDECLARED_SELECTOR = YES;
				GCC_WARN_UNINITIALIZED_AUTOS = YES_AGGRESSIVE;
				GCC_WARN_UNUSED_FUNCTION = YES;
				GCC_WARN_UNUSED_VARIABLE = YES;
				IPHONEOS_DEPLOYMENT_TARGET = 8.4;
				MTL_ENABLE_DEBUG_INFO = YES;
				ONLY_ACTIVE_ARCH = YES;
				SDKROOT = iphoneos;
			};
			name = Debug;
		};
		B6E551B11B896F0000D54445 /* Release */ = {
			isa = XCBuildConfiguration;
			buildSettings = {
				ALWAYS_SEARCH_USER_PATHS = NO;
				CLANG_CXX_LANGUAGE_STANDARD = "gnu++0x";
				CLANG_CXX_LIBRARY = "libc++";
				CLANG_ENABLE_MODULES = YES;
				CLANG_ENABLE_OBJC_ARC = YES;
				CLANG_WARN_BOOL_CONVERSION = YES;
				CLANG_WARN_CONSTANT_CONVERSION = YES;
				CLANG_WARN_DIRECT_OBJC_ISA_USAGE = YES_ERROR;
				CLANG_WARN_EMPTY_BODY = YES;
				CLANG_WARN_ENUM_CONVERSION = YES;
				CLANG_WARN_INT_CONVERSION = YES;
				CLANG_WARN_OBJC_ROOT_CLASS = YES_ERROR;
				CLANG_WARN_UNREACHABLE_CODE = YES;
				CLANG_WARN__DUPLICATE_METHOD_MATCH = YES;
				"CODE_SIGN_IDENTITY[sdk=iphoneos*]" = "iPhone Developer";
				COPY_PHASE_STRIP = NO;
				DEBUG_INFORMATION_FORMAT = "dwarf-with-dsym";
				ENABLE_NS_ASSERTIONS = NO;
				ENABLE_STRICT_OBJC_MSGSEND = YES;
				GCC_C_LANGUAGE_STANDARD = gnu99;
				GCC_NO_COMMON_BLOCKS = YES;
				GCC_WARN_64_TO_32_BIT_CONVERSION = YES;
				GCC_WARN_ABOUT_RETURN_TYPE = YES_ERROR;
				GCC_WARN_UNDECLARED_SELECTOR = YES;
				GCC_WARN_UNINITIALIZED_AUTOS = YES_AGGRESSIVE;
				GCC_WARN_UNUSED_FUNCTION = YES;
				GCC_WARN_UNUSED_VARIABLE = YES;
				IPHONEOS_DEPLOYMENT_TARGET = 8.4;
				MTL_ENABLE_DEBUG_INFO = NO;
				SDKROOT = iphoneos;
				VALIDATE_PRODUCT = YES;
			};
			name = Release;
		};
		B6E551B31B896F0000D54445 /* Debug */ = {
			isa = XCBuildConfiguration;
			buildSettings = {
				ASSETCATALOG_COMPILER_APPICON_NAME = AppIcon;
				INFOPLIST_FILE = CollectionViewPic/Info.plist;
				LD_RUNPATH_SEARCH_PATHS = "$(inherited) @executable_path/Frameworks";
				PRODUCT_NAME = "$(TARGET_NAME)";
			};
			name = Debug;
		};
		B6E551B41B896F0000D54445 /* Release */ = {
			isa = XCBuildConfiguration;
			buildSettings = {
				ASSETCATALOG_COMPILER_APPICON_NAME = AppIcon;
				INFOPLIST_FILE = CollectionViewPic/Info.plist;
				LD_RUNPATH_SEARCH_PATHS = "$(inherited) @executable_path/Frameworks";
				PRODUCT_NAME = "$(TARGET_NAME)";
			};
			name = Release;
		};
		B6E551B61B896F0000D54445 /* Debug */ = {
			isa = XCBuildConfiguration;
			buildSettings = {
				BUNDLE_LOADER = "$(TEST_HOST)";
				FRAMEWORK_SEARCH_PATHS = (
					"$(SDKROOT)/Developer/Library/Frameworks",
					"$(inherited)",
				);
				GCC_PREPROCESSOR_DEFINITIONS = (
					"DEBUG=1",
					"$(inherited)",
				);
				INFOPLIST_FILE = CollectionViewPicTests/Info.plist;
				LD_RUNPATH_SEARCH_PATHS = "$(inherited) @executable_path/Frameworks @loader_path/Frameworks";
				PRODUCT_NAME = "$(TARGET_NAME)";
				TEST_HOST = "$(BUILT_PRODUCTS_DIR)/CollectionViewPic.app/CollectionViewPic";
			};
			name = Debug;
		};
		B6E551B71B896F0000D54445 /* Release */ = {
			isa = XCBuildConfiguration;
			buildSettings = {
				BUNDLE_LOADER = "$(TEST_HOST)";
				FRAMEWORK_SEARCH_PATHS = (
					"$(SDKROOT)/Developer/Library/Frameworks",
					"$(inherited)",
				);
				INFOPLIST_FILE = CollectionViewPicTests/Info.plist;
				LD_RUNPATH_SEARCH_PATHS = "$(inherited) @executable_path/Frameworks @loader_path/Frameworks";
				PRODUCT_NAME = "$(TARGET_NAME)";
				TEST_HOST = "$(BUILT_PRODUCTS_DIR)/CollectionViewPic.app/CollectionViewPic";
			};
			name = Release;
		};
/* End XCBuildConfiguration section */

/* Begin XCConfigurationList section */
		B6E5518A1B896F0000D54445 /* Build configuration list for PBXProject "CollectionViewPic" */ = {
			isa = XCConfigurationList;
			buildConfigurations = (
				B6E551B01B896F0000D54445 /* Debug */,
				B6E551B11B896F0000D54445 /* Release */,
			);
			defaultConfigurationIsVisible = 0;
			defaultConfigurationName = Release;
		};
		B6E551B21B896F0000D54445 /* Build configuration list for PBXNativeTarget "CollectionViewPic" */ = {
			isa = XCConfigurationList;
			buildConfigurations = (
				B6E551B31B896F0000D54445 /* Debug */,
				B6E551B41B896F0000D54445 /* Release */,
			);
			defaultConfigurationIsVisible = 0;
		};
		B6E551B51B896F0000D54445 /* Build configuration list for PBXNativeTarget "CollectionViewPicTests" */ = {
			isa = XCConfigurationList;
			buildConfigurations = (
				B6E551B61B896F0000D54445 /* Debug */,
				B6E551B71B896F0000D54445 /* Release */,
			);
			defaultConfigurationIsVisible = 0;
		};
/* End XCConfigurationList section */
	};
	rootObject = B6E551871B896F0000D54445 /* Project object */;
}
